
Microsoft Visual Studio Solution File, Format Version 12.00
# Visual Studio Version 17
VisualStudioVersion = 17.3.32929.385
MinimumVisualStudioVersion = 10.0.40219.1
Project("{9A19103F-16F7-4668-BE54-9A1E7A4F7556}") = "WordpressAIFunction", "WordpressAIFunction\WordpressAIFunction.csproj", "{1E9E257B-B150-49F9-80B8-22AD35E85980}"
EndProject
Project("{9A19103F-16F7-4668-BE54-9A1E7A4F7556}") = "Common.OpenAPI", "Common\ChatGPTHelper\Common.OpenAPI.csproj", "{4A8FF646-91C5-4E77-B7CF-C525BF760A31}"
EndProject
Project("{9A19103F-16F7-4668-BE54-9A1E7A4F7556}") = "Common.Azure", "Common\AICommon\Common.Azure.csproj", "{3558D6F8-2AD7-41D5-A0FF-838A562CA458}"
EndProject
Project("{9A19103F-16F7-4668-BE54-9A1E7A4F7556}") = "Common.AWS", "Common\AwsHelper\Common.AWS.csproj", "{5CC6BDBB-96F8-4BBF-8F3C-0FD86F32A8FD}"
EndProject
Project("{9A19103F-16F7-4668-BE54-9A1E7A4F7556}") = "Common.Content", "Common\ContentGenCommon\Common.Content.csproj", "{0EE8389A-673C-4F1E-9BC0-E985D19858BE}"
EndProject
Project("{9A19103F-16F7-4668-BE54-9A1E7A4F7556}") = "ShopifyAIFunction", "ShopifyAIFunction\ShopifyAIFunction.csproj", "{A8E70770-372E-4179-B0E6-77246306B6BA}"
EndProject
Project("{9A19103F-16F7-4668-BE54-9A1E7A4F7556}") = "Common.ShopifyAPI", "Common\ShopifyAPIHelper\Common.ShopifyAPI.csproj", "{198AD73A-7F2A-4DD0-96F2-90F66DE23751}"
EndProject
Project("{2150E333-8FDC-42A3-9474-1A3956D46DE8}") = "Tests", "Tests", "{78832C4D-E196-43D5-A6C2-F22B6A76973F}"
EndProject
Project("{2150E333-8FDC-42A3-9474-1A3956D46DE8}") = "Common.ShopifyAPI.Tests", "Common.ShopifyAPI.Tests", "{47A7B145-E525-4DBE-927B-BE2C316B11FC}"
EndProject
Project("{9A19103F-16F7-4668-BE54-9A1E7A4F7556}") = "Common.ShopifyAPI.UnitTests", "Tests\Common.ShopifyAPI.UnitTests\Common.ShopifyAPI.UnitTests.csproj", "{6AB9E39E-C8A1-466F-8001-D4552FF70192}"
EndProject
Project("{2150E333-8FDC-42A3-9474-1A3956D46DE8}") = "Common", "Common", "{77AB901F-F079-4227-8732-E0A415C36887}"
EndProject
Project("{9A19103F-16F7-4668-BE54-9A1E7A4F7556}") = "ShopifyAIFunction.Tests", "Tests\ShopifyAIFunction.Tests\ShopifyAIFunction.Tests.csproj", "{884A5803-A6B7-44F7-97BF-17FF9054B11E}"
EndProject
Project("{9A19103F-16F7-4668-BE54-9A1E7A4F7556}") = "TestHelper", "Tests\TestHelper\TestHelper.csproj", "{79D46080-37E5-47AF-B5CB-5D90B4EB52B3}"
EndProject
Project("{2150E333-8FDC-42A3-9474-1A3956D46DE8}") = "WordpressAIFunction", "WordpressAIFunction", "{A6221600-6A76-4430-9075-AFA96B2E8A40}"
EndProject
Project("{9A19103F-16F7-4668-BE54-9A1E7A4F7556}") = "WordpressAIFunction.Tests", "Tests\WordpressAIFunction.Tests\WordpressAIFunction.Tests.csproj", "{335A59FB-EF9F-43EA-9ECE-BA3AE9E4C297}"
EndProject
Global
	GlobalSection(SolutionConfigurationPlatforms) = preSolution
		Debug|Any CPU = Debug|Any CPU
		Release|Any CPU = Release|Any CPU
	EndGlobalSection
	GlobalSection(ProjectConfigurationPlatforms) = postSolution
		{1E9E257B-B150-49F9-80B8-22AD35E85980}.Debug|Any CPU.ActiveCfg = Debug|Any CPU
		{1E9E257B-B150-49F9-80B8-22AD35E85980}.Debug|Any CPU.Build.0 = Debug|Any CPU
		{1E9E257B-B150-49F9-80B8-22AD35E85980}.Release|Any CPU.ActiveCfg = Release|Any CPU
		{1E9E257B-B150-49F9-80B8-22AD35E85980}.Release|Any CPU.Build.0 = Release|Any CPU
		{4A8FF646-91C5-4E77-B7CF-C525BF760A31}.Debug|Any CPU.ActiveCfg = Debug|Any CPU
		{4A8FF646-91C5-4E77-B7CF-C525BF760A31}.Debug|Any CPU.Build.0 = Debug|Any CPU
		{4A8FF646-91C5-4E77-B7CF-C525BF760A31}.Release|Any CPU.ActiveCfg = Release|Any CPU
		{4A8FF646-91C5-4E77-B7CF-C525BF760A31}.Release|Any CPU.Build.0 = Release|Any CPU
		{3558D6F8-2AD7-41D5-A0FF-838A562CA458}.Debug|Any CPU.ActiveCfg = Debug|Any CPU
		{3558D6F8-2AD7-41D5-A0FF-838A562CA458}.Debug|Any CPU.Build.0 = Debug|Any CPU
		{3558D6F8-2AD7-41D5-A0FF-838A562CA458}.Release|Any CPU.ActiveCfg = Release|Any CPU
		{3558D6F8-2AD7-41D5-A0FF-838A562CA458}.Release|Any CPU.Build.0 = Release|Any CPU
		{5CC6BDBB-96F8-4BBF-8F3C-0FD86F32A8FD}.Debug|Any CPU.ActiveCfg = Debug|Any CPU
		{5CC6BDBB-96F8-4BBF-8F3C-0FD86F32A8FD}.Debug|Any CPU.Build.0 = Debug|Any CPU
		{5CC6BDBB-96F8-4BBF-8F3C-0FD86F32A8FD}.Release|Any CPU.ActiveCfg = Release|Any CPU
		{5CC6BDBB-96F8-4BBF-8F3C-0FD86F32A8FD}.Release|Any CPU.Build.0 = Release|Any CPU
		{0EE8389A-673C-4F1E-9BC0-E985D19858BE}.Debug|Any CPU.ActiveCfg = Debug|Any CPU
		{0EE8389A-673C-4F1E-9BC0-E985D19858BE}.Debug|Any CPU.Build.0 = Debug|Any CPU
		{0EE8389A-673C-4F1E-9BC0-E985D19858BE}.Release|Any CPU.ActiveCfg = Release|Any CPU
		{0EE8389A-673C-4F1E-9BC0-E985D19858BE}.Release|Any CPU.Build.0 = Release|Any CPU
		{A8E70770-372E-4179-B0E6-77246306B6BA}.Debug|Any CPU.ActiveCfg = Debug|Any CPU
		{A8E70770-372E-4179-B0E6-77246306B6BA}.Debug|Any CPU.Build.0 = Debug|Any CPU
		{A8E70770-372E-4179-B0E6-77246306B6BA}.Release|Any CPU.ActiveCfg = Release|Any CPU
		{A8E70770-372E-4179-B0E6-77246306B6BA}.Release|Any CPU.Build.0 = Release|Any CPU
		{198AD73A-7F2A-4DD0-96F2-90F66DE23751}.Debug|Any CPU.ActiveCfg = Debug|Any CPU
		{198AD73A-7F2A-4DD0-96F2-90F66DE23751}.Debug|Any CPU.Build.0 = Debug|Any CPU
		{198AD73A-7F2A-4DD0-96F2-90F66DE23751}.Release|Any CPU.ActiveCfg = Release|Any CPU
		{198AD73A-7F2A-4DD0-96F2-90F66DE23751}.Release|Any CPU.Build.0 = Release|Any CPU
		{6AB9E39E-C8A1-466F-8001-D4552FF70192}.Debug|Any CPU.ActiveCfg = Debug|Any CPU
		{6AB9E39E-C8A1-466F-8001-D4552FF70192}.Debug|Any CPU.Build.0 = Debug|Any CPU
		{6AB9E39E-C8A1-466F-8001-D4552FF70192}.Release|Any CPU.ActiveCfg = Release|Any CPU
		{6AB9E39E-C8A1-466F-8001-D4552FF70192}.Release|Any CPU.Build.0 = Release|Any CPU
		{884A5803-A6B7-44F7-97BF-17FF9054B11E}.Debug|Any CPU.ActiveCfg = Debug|Any CPU
		{884A5803-A6B7-44F7-97BF-17FF9054B11E}.Debug|Any CPU.Build.0 = Debug|Any CPU
		{884A5803-A6B7-44F7-97BF-17FF9054B11E}.Release|Any CPU.ActiveCfg = Release|Any CPU
		{884A5803-A6B7-44F7-97BF-17FF9054B11E}.Release|Any CPU.Build.0 = Release|Any CPU
		{79D46080-37E5-47AF-B5CB-5D90B4EB52B3}.Debug|Any CPU.ActiveCfg = Debug|Any CPU
		{79D46080-37E5-47AF-B5CB-5D90B4EB52B3}.Debug|Any CPU.Build.0 = Debug|Any CPU
		{79D46080-37E5-47AF-B5CB-5D90B4EB52B3}.Release|Any CPU.ActiveCfg = Release|Any CPU
		{79D46080-37E5-47AF-B5CB-5D90B4EB52B3}.Release|Any CPU.Build.0 = Release|Any CPU
		{335A59FB-EF9F-43EA-9ECE-BA3AE9E4C297}.Debug|Any CPU.ActiveCfg = Debug|Any CPU
		{335A59FB-EF9F-43EA-9ECE-BA3AE9E4C297}.Debug|Any CPU.Build.0 = Debug|Any CPU
		{335A59FB-EF9F-43EA-9ECE-BA3AE9E4C297}.Release|Any CPU.ActiveCfg = Release|Any CPU
		{335A59FB-EF9F-43EA-9ECE-BA3AE9E4C297}.Release|Any CPU.Build.0 = Release|Any CPU
	EndGlobalSection
	GlobalSection(SolutionProperties) = preSolution
		HideSolutionNode = FALSE
	EndGlobalSection
	GlobalSection(NestedProjects) = preSolution
		{4A8FF646-91C5-4E77-B7CF-C525BF760A31} = {77AB901F-F079-4227-8732-E0A415C36887}
		{3558D6F8-2AD7-41D5-A0FF-838A562CA458} = {77AB901F-F079-4227-8732-E0A415C36887}
		{5CC6BDBB-96F8-4BBF-8F3C-0FD86F32A8FD} = {77AB901F-F079-4227-8732-E0A415C36887}
		{0EE8389A-673C-4F1E-9BC0-E985D19858BE} = {77AB901F-F079-4227-8732-E0A415C36887}
		{198AD73A-7F2A-4DD0-96F2-90F66DE23751} = {77AB901F-F079-4227-8732-E0A415C36887}
		{47A7B145-E525-4DBE-927B-BE2C316B11FC} = {78832C4D-E196-43D5-A6C2-F22B6A76973F}
		{6AB9E39E-C8A1-466F-8001-D4552FF70192} = {47A7B145-E525-4DBE-927B-BE2C316B11FC}
		{884A5803-A6B7-44F7-97BF-17FF9054B11E} = {78832C4D-E196-43D5-A6C2-F22B6A76973F}
		{79D46080-37E5-47AF-B5CB-5D90B4EB52B3} = {78832C4D-E196-43D5-A6C2-F22B6A76973F}
		{A6221600-6A76-4430-9075-AFA96B2E8A40} = {78832C4D-E196-43D5-A6C2-F22B6A76973F}
		{335A59FB-EF9F-43EA-9ECE-BA3AE9E4C297} = {A6221600-6A76-4430-9075-AFA96B2E8A40}
	EndGlobalSection
	GlobalSection(ExtensibilityGlobals) = postSolution
		SolutionGuid = {E43FED8D-6DB7-4B37-9149-373E0737BC18}
	EndGlobalSection
EndGlobal
